// !$*UTF8*$!
{
	archiveVersion = 1;
	classes = {
	};
	objectVersion = 50;
	objects = {

/* Begin PBXBuildFile section */
		D2FE228426D58836004458A4 /* AppDelegate.swift in Sources */ = {isa = PBXBuildFile; fileRef = D2FE228326D58836004458A4 /* AppDelegate.swift */; };
		D2FE228626D58836004458A4 /* SceneDelegate.swift in Sources */ = {isa = PBXBuildFile; fileRef = D2FE228526D58836004458A4 /* SceneDelegate.swift */; };
		D2FE228826D58836004458A4 /* ViewController.swift in Sources */ = {isa = PBXBuildFile; fileRef = D2FE228726D58836004458A4 /* ViewController.swift */; };
		D2FE228B26D58836004458A4 /* Main.storyboard in Resources */ = {isa = PBXBuildFile; fileRef = D2FE228926D58836004458A4 /* Main.storyboard */; };
		D2FE228D26D58838004458A4 /* Assets.xcassets in Resources */ = {isa = PBXBuildFile; fileRef = D2FE228C26D58838004458A4 /* Assets.xcassets */; };
		D2FE229026D58838004458A4 /* LaunchScreen.storyboard in Resources */ = {isa = PBXBuildFile; fileRef = D2FE228E26D58838004458A4 /* LaunchScreen.storyboard */; };
		D2FE229B26D58839004458A4 /* Prework_Tip_CalculatorTests.swift in Sources */ = {isa = PBXBuildFile; fileRef = D2FE229A26D58839004458A4 /* Prework_Tip_CalculatorTests.swift */; };
		D2FE22A626D58839004458A4 /* Prework_Tip_CalculatorUITests.swift in Sources */ = {isa = PBXBuildFile; fileRef = D2FE22A526D58839004458A4 /* Prework_Tip_CalculatorUITests.swift */; };
/* End PBXBuildFile section */

/* Begin PBXContainerItemProxy section */
		D2FE229726D58839004458A4 /* PBXContainerItemProxy */ = {
			isa = PBXContainerItemProxy;
			containerPortal = D2FE227826D58836004458A4 /* Project object */;
			proxyType = 1;
			remoteGlobalIDString = D2FE227F26D58836004458A4;
			remoteInfo = "Prework Tip Calculator";
		};
		D2FE22A226D58839004458A4 /* PBXContainerItemProxy */ = {
			isa = PBXContainerItemProxy;
			containerPortal = D2FE227826D58836004458A4 /* Project object */;
			proxyType = 1;
			remoteGlobalIDString = D2FE227F26D58836004458A4;
			remoteInfo = "Prework Tip Calculator";
		};
/* End PBXContainerItemProxy section */

/* Begin PBXFileReference section */
		D2FE228026D58836004458A4 /* Prework Tip Calculator.app */ = {isa = PBXFileReference; explicitFileType = wrapper.application; includeInIndex = 0; path = "Prework Tip Calculator.app"; sourceTree = BUILT_PRODUCTS_DIR; };
		D2FE228326D58836004458A4 /* AppDelegate.swift */ = {isa = PBXFileReference; lastKnownFileType = sourcecode.swift; path = AppDelegate.swift; sourceTree = "<group>"; };
		D2FE228526D58836004458A4 /* SceneDelegate.swift */ = {isa = PBXFileReference; lastKnownFileType = sourcecode.swift; path = SceneDelegate.swift; sourceTree = "<group>"; };
		D2FE228726D58836004458A4 /* ViewController.swift */ = {isa = PBXFileReference; lastKnownFileType = sourcecode.swift; path = ViewController.swift; sourceTree = "<group>"; };
		D2FE228A26D58836004458A4 /* Base */ = {isa = PBXFileReference; lastKnownFileType = file.storyboard; name = Base; path = Base.lproj/Main.storyboard; sourceTree = "<group>"; };
		D2FE228C26D58838004458A4 /* Assets.xcassets */ = {isa = PBXFileReference; lastKnownFileType = folder.assetcatalog; path = Assets.xcassets; sourceTree = "<group>"; };
		D2FE228F26D58838004458A4 /* Base */ = {isa = PBXFileReference; lastKnownFileType = file.storyboard; name = Base; path = Base.lproj/LaunchScreen.storyboard; sourceTree = "<group>"; };
		D2FE229126D58838004458A4 /* Info.plist */ = {isa = PBXFileReference; lastKnownFileType = text.plist.xml; path = Info.plist; sourceTree = "<group>"; };
		D2FE229626D58839004458A4 /* Prework Tip CalculatorTests.xctest */ = {isa = PBXFileReference; explicitFileType = wrapper.cfbundle; includeInIndex = 0; path = "Prework Tip CalculatorTests.xctest"; sourceTree = BUILT_PRODUCTS_DIR; };
		D2FE229A26D58839004458A4 /* Prework_Tip_CalculatorTests.swift */ = {isa = PBXFileReference; lastKnownFileType = sourcecode.swift; path = Prework_Tip_CalculatorTests.swift; sourceTree = "<group>"; };
		D2FE229C26D58839004458A4 /* Info.plist */ = {isa = PBXFileReference; lastKnownFileType = text.plist.xml; path = Info.plist; sourceTree = "<group>"; };
		D2FE22A126D58839004458A4 /* Prework Tip CalculatorUITests.xctest */ = {isa = PBXFileReference; explicitFileType = wrapper.cfbundle; includeInIndex = 0; path = "Prework Tip CalculatorUITests.xctest"; sourceTree = BUILT_PRODUCTS_DIR; };
		D2FE22A526D58839004458A4 /* Prework_Tip_CalculatorUITests.swift */ = {isa = PBXFileReference; lastKnownFileType = sourcecode.swift; path = Prework_Tip_CalculatorUITests.swift; sourceTree = "<group>"; };
		D2FE22A726D58839004458A4 /* Info.plist */ = {isa = PBXFileReference; lastKnownFileType = text.plist.xml; path = Info.plist; sourceTree = "<group>"; };
/* End PBXFileReference section */

/* Begin PBXFrameworksBuildPhase section */
		D2FE227D26D58836004458A4 /* Frameworks */ = {
			isa = PBXFrameworksBuildPhase;
			buildActionMask = 2147483647;
			files = (
			);
			runOnlyForDeploymentPostprocessing = 0;
		};
		D2FE229326D58839004458A4 /* Frameworks */ = {
			isa = PBXFrameworksBuildPhase;
			buildActionMask = 2147483647;
			files = (
			);
			runOnlyForDeploymentPostprocessing = 0;
		};
		D2FE229E26D58839004458A4 /* Frameworks */ = {
			isa = PBXFrameworksBuildPhase;
			buildActionMask = 2147483647;
			files = (
			);
			runOnlyForDeploymentPostprocessing = 0;
		};
/* End PBXFrameworksBuildPhase section */

/* Begin PBXGroup section */
		D2FE227726D58836004458A4 = {
			isa = PBXGroup;
			children = (
				D2FE228226D58836004458A4 /* Prework Tip Calculator */,
				D2FE229926D58839004458A4 /* Prework Tip CalculatorTests */,
				D2FE22A426D58839004458A4 /* Prework Tip CalculatorUITests */,
				D2FE228126D58836004458A4 /* Products */,
			);
			sourceTree = "<group>";
		};
		D2FE228126D58836004458A4 /* Products */ = {
			isa = PBXGroup;
			children = (
				D2FE228026D58836004458A4 /* Prework Tip Calculator.app */,
				D2FE229626D58839004458A4 /* Prework Tip CalculatorTests.xctest */,
				D2FE22A126D58839004458A4 /* Prework Tip CalculatorUITests.xctest */,
			);
			name = Products;
			sourceTree = "<group>";
		};
		D2FE228226D58836004458A4 /* Prework Tip Calculator */ = {
			isa = PBXGroup;
			children = (
				D2FE228326D58836004458A4 /* AppDelegate.swift */,
				D2FE228526D58836004458A4 /* SceneDelegate.swift */,
				D2FE228726D58836004458A4 /* ViewController.swift */,
				D2FE228926D58836004458A4 /* Main.storyboard */,
				D2FE228C26D58838004458A4 /* Assets.xcassets */,
				D2FE228E26D58838004458A4 /* LaunchScreen.storyboard */,
				D2FE229126D58838004458A4 /* Info.plist */,
			);
			path = "Prework Tip Calculator";
			sourceTree = "<group>";
		};
		D2FE229926D58839004458A4 /* Prework Tip CalculatorTests */ = {
			isa = PBXGroup;
			children = (
				D2FE229A26D58839004458A4 /* Prework_Tip_CalculatorTests.swift */,
				D2FE229C26D58839004458A4 /* Info.plist */,
			);
			path = "Prework Tip CalculatorTests";
			sourceTree = "<group>";
		};
		D2FE22A426D58839004458A4 /* Prework Tip CalculatorUITests */ = {
			isa = PBXGroup;
			children = (
				D2FE22A526D58839004458A4 /* Prework_Tip_CalculatorUITests.swift */,
				D2FE22A726D58839004458A4 /* Info.plist */,
			);
			path = "Prework Tip CalculatorUITests";
			sourceTree = "<group>";
		};
/* End PBXGroup section */

/* Begin PBXNativeTarget section */
		D2FE227F26D58836004458A4 /* Prework Tip Calculator */ = {
			isa = PBXNativeTarget;
			buildConfigurationList = D2FE22AA26D58839004458A4 /* Build configuration list for PBXNativeTarget "Prework Tip Calculator" */;
			buildPhases = (
				D2FE227C26D58836004458A4 /* Sources */,
				D2FE227D26D58836004458A4 /* Frameworks */,
				D2FE227E26D58836004458A4 /* Resources */,
			);
			buildRules = (
			);
			dependencies = (
			);
			name = "Prework Tip Calculator";
			productName = "Prework Tip Calculator";
			productReference = D2FE228026D58836004458A4 /* Prework Tip Calculator.app */;
			productType = "com.apple.product-type.application";
		};
		D2FE229526D58839004458A4 /* Prework Tip CalculatorTests */ = {
			isa = PBXNativeTarget;
			buildConfigurationList = D2FE22AD26D58839004458A4 /* Build configuration list for PBXNativeTarget "Prework Tip CalculatorTests" */;
			buildPhases = (
				D2FE229226D58839004458A4 /* Sources */,
				D2FE229326D58839004458A4 /* Frameworks */,
				D2FE229426D58839004458A4 /* Resources */,
			);
			buildRules = (
			);
			dependencies = (
				D2FE229826D58839004458A4 /* PBXTargetDependency */,
			);
			name = "Prework Tip CalculatorTests";
			productName = "Prework Tip CalculatorTests";
			productReference = D2FE229626D58839004458A4 /* Prework Tip CalculatorTests.xctest */;
			productType = "com.apple.product-type.bundle.unit-test";
		};
		D2FE22A026D58839004458A4 /* Prework Tip CalculatorUITests */ = {
			isa = PBXNativeTarget;
			buildConfigurationList = D2FE22B026D58839004458A4 /* Build configuration list for PBXNativeTarget "Prework Tip CalculatorUITests" */;
			buildPhases = (
				D2FE229D26D58839004458A4 /* Sources */,
				D2FE229E26D58839004458A4 /* Frameworks */,
				D2FE229F26D58839004458A4 /* Resources */,
			);
			buildRules = (
			);
			dependencies = (
				D2FE22A326D58839004458A4 /* PBXTargetDependency */,
			);
			name = "Prework Tip CalculatorUITests";
			productName = "Prework Tip CalculatorUITests";
			productReference = D2FE22A126D58839004458A4 /* Prework Tip CalculatorUITests.xctest */;
			productType = "com.apple.product-type.bundle.ui-testing";
		};
/* End PBXNativeTarget section */

/* Begin PBXProject section */
		D2FE227826D58836004458A4 /* Project object */ = {
			isa = PBXProject;
			attributes = {
				LastSwiftUpdateCheck = 1250;
				LastUpgradeCheck = 1250;
				TargetAttributes = {
					D2FE227F26D58836004458A4 = {
						CreatedOnToolsVersion = 12.5.1;
					};
					D2FE229526D58839004458A4 = {
						CreatedOnToolsVersion = 12.5.1;
						TestTargetID = D2FE227F26D58836004458A4;
					};
					D2FE22A026D58839004458A4 = {
						CreatedOnToolsVersion = 12.5.1;
						TestTargetID = D2FE227F26D58836004458A4;
					};
				};
			};
			buildConfigurationList = D2FE227B26D58836004458A4 /* Build configuration list for PBXProject "Prework Tip Calculator" */;
			compatibilityVersion = "Xcode 9.3";
			developmentRegion = en;
			hasScannedForEncodings = 0;
			knownRegions = (
				en,
				Base,
			);
			mainGroup = D2FE227726D58836004458A4;
			productRefGroup = D2FE228126D58836004458A4 /* Products */;
			projectDirPath = "";
			projectRoot = "";
			targets = (
				D2FE227F26D58836004458A4 /* Prework Tip Calculator */,
				D2FE229526D58839004458A4 /* Prework Tip CalculatorTests */,
				D2FE22A026D58839004458A4 /* Prework Tip CalculatorUITests */,
			);
		};
/* End PBXProject section */

/* Begin PBXResourcesBuildPhase section */
		D2FE227E26D58836004458A4 /* Resources */ = {
			isa = PBXResourcesBuildPhase;
			buildActionMask = 2147483647;
			files = (
				D2FE229026D58838004458A4 /* LaunchScreen.storyboard in Resources */,
				D2FE228D26D58838004458A4 /* Assets.xcassets in Resources */,
				D2FE228B26D58836004458A4 /* Main.storyboard in Resources */,
			);
			runOnlyForDeploymentPostprocessing = 0;
		};
		D2FE229426D58839004458A4 /* Resources */ = {
			isa = PBXResourcesBuildPhase;
			buildActionMask = 2147483647;
			files = (
			);
			runOnlyForDeploymentPostprocessing = 0;
		};
		D2FE229F26D58839004458A4 /* Resources */ = {
			isa = PBXResourcesBuildPhase;
			buildActionMask = 2147483647;
			files = (
			);
			runOnlyForDeploymentPostprocessing = 0;
		};
/* End PBXResourcesBuildPhase section */

/* Begin PBXSourcesBuildPhase section */
		D2FE227C26D58836004458A4 /* Sources */ = {
			isa = PBXSourcesBuildPhase;
			buildActionMask = 2147483647;
			files = (
				D2FE228826D58836004458A4 /* ViewController.swift in Sources */,
				D2FE228426D58836004458A4 /* AppDelegate.swift in Sources */,
				D2FE228626D58836004458A4 /* SceneDelegate.swift in Sources */,
			);
			runOnlyForDeploymentPostprocessing = 0;
		};
		D2FE229226D58839004458A4 /* Sources */ = {
			isa = PBXSourcesBuildPhase;
			buildActionMask = 2147483647;
			files = (
				D2FE229B26D58839004458A4 /* Prework_Tip_CalculatorTests.swift in Sources */,
			);
			runOnlyForDeploymentPostprocessing = 0;
		};
		D2FE229D26D58839004458A4 /* Sources */ = {
			isa = PBXSourcesBuildPhase;
			buildActionMask = 2147483647;
			files = (
				D2FE22A626D58839004458A4 /* Prework_Tip_CalculatorUITests.swift in Sources */,
			);
			runOnlyForDeploymentPostprocessing = 0;
		};
/* End PBXSourcesBuildPhase section */

/* Begin PBXTargetDependency section */
		D2FE229826D58839004458A4 /* PBXTargetDependency */ = {
			isa = PBXTargetDependency;
			target = D2FE227F26D58836004458A4 /* Prework Tip Calculator */;
			targetProxy = D2FE229726D58839004458A4 /* PBXContainerItemProxy */;
		};
		D2FE22A326D58839004458A4 /* PBXTargetDependency */ = {
			isa = PBXTargetDependency;
			target = D2FE227F26D58836004458A4 /* Prework Tip Calculator */;
			targetProxy = D2FE22A226D58839004458A4 /* PBXContainerItemProxy */;
		};
/* End PBXTargetDependency section */

/* Begin PBXVariantGroup section */
		D2FE228926D58836004458A4 /* Main.storyboard */ = {
			isa = PBXVariantGroup;
			children = (
				D2FE228A26D58836004458A4 /* Base */,
			);
			name = Main.storyboard;
			sourceTree = "<group>";
		};
		D2FE228E26D58838004458A4 /* LaunchScreen.storyboard */ = {
			isa = PBXVariantGroup;
			children = (
				D2FE228F26D58838004458A4 /* Base */,
			);
			name = LaunchScreen.storyboard;
			sourceTree = "<group>";
		};
/* End PBXVariantGroup section */

/* Begin XCBuildConfiguration section */
		D2FE22A826D58839004458A4 /* Debug */ = {
			isa = XCBuildConfiguration;
			buildSettings = {
				ALWAYS_SEARCH_USER_PATHS = NO;
				CLANG_ANALYZER_NONNULL = YES;
				CLANG_ANALYZER_NUMBER_OBJECT_CONVERSION = YES_AGGRESSIVE;
				CLANG_CXX_LANGUAGE_STANDARD = "gnu++14";
				CLANG_CXX_LIBRARY = "libc++";
				CLANG_ENABLE_MODULES = YES;
				CLANG_ENABLE_OBJC_ARC = YES;
				CLANG_ENABLE_OBJC_WEAK = YES;
				CLANG_WARN_BLOCK_CAPTURE_AUTORELEASING = YES;
				CLANG_WARN_BOOL_CONVERSION = YES;
				CLANG_WARN_COMMA = YES;
				CLANG_WARN_CONSTANT_CONVERSION = YES;
				CLANG_WARN_DEPRECATED_OBJC_IMPLEMENTATIONS = YES;
				CLANG_WARN_DIRECT_OBJC_ISA_USAGE = YES_ERROR;
				CLANG_WARN_DOCUMENTATION_COMMENTS = YES;
				CLANG_WARN_EMPTY_BODY = YES;
				CLANG_WARN_ENUM_CONVERSION = YES;
				CLANG_WARN_INFINITE_RECURSION = YES;
				CLANG_WARN_INT_CONVERSION = YES;
				CLANG_WARN_NON_LITERAL_NULL_CONVERSION = YES;
				CLANG_WARN_OBJC_IMPLICIT_RETAIN_SELF = YES;
				CLANG_WARN_OBJC_LITERAL_CONVERSION = YES;
				CLANG_WARN_OBJC_ROOT_CLASS = YES_ERROR;
				CLANG_WARN_QUOTED_INCLUDE_IN_FRAMEWORK_HEADER = YES;
				CLANG_WARN_RANGE_LOOP_ANALYSIS = YES;
				CLANG_WARN_STRICT_PROTOTYPES = YES;
				CLANG_WARN_SUSPICIOUS_MOVE = YES;
				CLANG_WARN_UNGUARDED_AVAILABILITY = YES_AGGRESSIVE;
				CLANG_WARN_UNREACHABLE_CODE = YES;
				CLANG_WARN__DUPLICATE_METHOD_MATCH = YES;
				COPY_PHASE_STRIP = NO;
				DEBUG_INFORMATION_FORMAT = dwarf;
				ENABLE_STRICT_OBJC_MSGSEND = YES;
				ENABLE_TESTABILITY = YES;
				GCC_C_LANGUAGE_STANDARD = gnu11;
				GCC_DYNAMIC_NO_PIC = NO;
				GCC_NO_COMMON_BLOCKS = YES;
				GCC_OPTIMIZATION_LEVEL = 0;
				GCC_PREPROCESSOR_DEFINITIONS = (
					"DEBUG=1",
					"$(inherited)",
				);
				GCC_WARN_64_TO_32_BIT_CONVERSION = YES;
				GCC_WARN_ABOUT_RETURN_TYPE = YES_ERROR;
				GCC_WARN_UNDECLARED_SELECTOR = YES;
				GCC_WARN_UNINITIALIZED_AUTOS = YES_AGGRESSIVE;
				GCC_WARN_UNUSED_FUNCTION = YES;
				GCC_WARN_UNUSED_VARIABLE = YES;
				IPHONEOS_DEPLOYMENT_TARGET = 14.5;
				MTL_ENABLE_DEBUG_INFO = INCLUDE_SOURCE;
				MTL_FAST_MATH = YES;
				ONLY_ACTIVE_ARCH = YES;
				SDKROOT = iphoneos;
				SWIFT_ACTIVE_COMPILATION_CONDITIONS = DEBUG;
				SWIFT_OPTIMIZATION_LEVEL = "-Onone";
			};
			name = Debug;
		};
		D2FE22A926D58839004458A4 /* Release */ = {
			isa = XCBuildConfiguration;
			buildSettings = {
				ALWAYS_SEARCH_USER_PATHS = NO;
				CLANG_ANALYZER_NONNULL = YES;
				CLANG_ANALYZER_NUMBER_OBJECT_CONVERSION = YES_AGGRESSIVE;
				CLANG_CXX_LANGUAGE_STANDARD = "gnu++14";
				CLANG_CXX_LIBRARY = "libc++";
				CLANG_ENABLE_MODULES = YES;
				CLANG_ENABLE_OBJC_ARC = YES;
				CLANG_ENABLE_OBJC_WEAK = YES;
				CLANG_WARN_BLOCK_CAPTURE_AUTORELEASING = YES;
				CLANG_WARN_BOOL_CONVERSION = YES;
				CLANG_WARN_COMMA = YES;
				CLANG_WARN_CONSTANT_CONVERSION = YES;
				CLANG_WARN_DEPRECATED_OBJC_IMPLEMENTATIONS = YES;
				CLANG_WARN_DIRECT_OBJC_ISA_USAGE = YES_ERROR;
				CLANG_WARN_DOCUMENTATION_COMMENTS = YES;
				CLANG_WARN_EMPTY_BODY = YES;
				CLANG_WARN_ENUM_CONVERSION = YES;
				CLANG_WARN_INFINITE_RECURSION = YES;
				CLANG_WARN_INT_CONVERSION = YES;
				CLANG_WARN_NON_LITERAL_NULL_CONVERSION = YES;
				CLANG_WARN_OBJC_IMPLICIT_RETAIN_SELF = YES;
				CLANG_WARN_OBJC_LITERAL_CONVERSION = YES;
				CLANG_WARN_OBJC_ROOT_CLASS = YES_ERROR;
				CLANG_WARN_QUOTED_INCLUDE_IN_FRAMEWORK_HEADER = YES;
				CLANG_WARN_RANGE_LOOP_ANALYSIS = YES;
				CLANG_WARN_STRICT_PROTOTYPES = YES;
				CLANG_WARN_SUSPICIOUS_MOVE = YES;
				CLANG_WARN_UNGUARDED_AVAILABILITY = YES_AGGRESSIVE;
				CLANG_WARN_UNREACHABLE_CODE = YES;
				CLANG_WARN__DUPLICATE_METHOD_MATCH = YES;
				COPY_PHASE_STRIP = NO;
				DEBUG_INFORMATION_FORMAT = "dwarf-with-dsym";
				ENABLE_NS_ASSERTIONS = NO;
				ENABLE_STRICT_OBJC_MSGSEND = YES;
				GCC_C_LANGUAGE_STANDARD = gnu11;
				GCC_NO_COMMON_BLOCKS = YES;
				GCC_WARN_64_TO_32_BIT_CONVERSION = YES;
				GCC_WARN_ABOUT_RETURN_TYPE = YES_ERROR;
				GCC_WARN_UNDECLARED_SELECTOR = YES;
				GCC_WARN_UNINITIALIZED_AUTOS = YES_AGGRESSIVE;
				GCC_WARN_UNUSED_FUNCTION = YES;
				GCC_WARN_UNUSED_VARIABLE = YES;
				IPHONEOS_DEPLOYMENT_TARGET = 14.5;
				MTL_ENABLE_DEBUG_INFO = NO;
				MTL_FAST_MATH = YES;
				SDKROOT = iphoneos;
				SWIFT_COMPILATION_MODE = wholemodule;
				SWIFT_OPTIMIZATION_LEVEL = "-O";
				VALIDATE_PRODUCT = YES;
			};
			name = Release;
		};
		D2FE22AB26D58839004458A4 /* Debug */ = {
			isa = XCBuildConfiguration;
			buildSettings = {
				ASSETCATALOG_COMPILER_APPICON_NAME = AppIcon;
				ASSETCATALOG_COMPILER_GLOBAL_ACCENT_COLOR_NAME = AccentColor;
				CODE_SIGN_STYLE = Automatic;
				DEVELOPMENT_TEAM = R8NFZ6VKNP;
				INFOPLIST_FILE = "Prework Tip Calculator/Info.plist";
				LD_RUNPATH_SEARCH_PATHS = (
					"$(inherited)",
					"@executable_path/Frameworks",
				);
				PRODUCT_BUNDLE_IDENTIFIER = "com.briannadeckerdiaz.Prework-Tip-Calculator";
				PRODUCT_NAME = "$(TARGET_NAME)";
				SWIFT_VERSION = 5.0;
				TARGETED_DEVICE_FAMILY = "1,2";
			};
			name = Debug;
		};
		D2FE22AC26D58839004458A4 /* Release */ = {
			isa = XCBuildConfiguration;
			buildSettings = {
				ASSETCATALOG_COMPILER_APPICON_NAME = AppIcon;
				ASSETCATALOG_COMPILER_GLOBAL_ACCENT_COLOR_NAME = AccentColor;
				CODE_SIGN_STYLE = Automatic;
				DEVELOPMENT_TEAM = R8NFZ6VKNP;
				INFOPLIST_FILE = "Prework Tip Calculator/Info.plist";
				LD_RUNPATH_SEARCH_PATHS = (
					"$(inherited)",
					"@executable_path/Frameworks",
				);
				PRODUCT_BUNDLE_IDENTIFIER = "com.briannadeckerdiaz.Prework-Tip-Calculator";
				PRODUCT_NAME = "$(TARGET_NAME)";
				SWIFT_VERSION = 5.0;
				TARGETED_DEVICE_FAMILY = "1,2";
			};
			name = Release;
		};
		D2FE22AE26D58839004458A4 /* Debug */ = {
			isa = XCBuildConfiguration;
			buildSettings = {
				ALWAYS_EMBED_SWIFT_STANDARD_LIBRARIES = YES;
				BUNDLE_LOADER = "$(TEST_HOST)";
				CODE_SIGN_STYLE = Automatic;
				DEVELOPMENT_TEAM = R8NFZ6VKNP;
				INFOPLIST_FILE = "Prework Tip CalculatorTests/Info.plist";
				IPHONEOS_DEPLOYMENT_TARGET = 14.5;
				LD_RUNPATH_SEARCH_PATHS = (
					"$(inherited)",
					"@executable_path/Frameworks",
					"@loader_path/Frameworks",
				);
				PRODUCT_BUNDLE_IDENTIFIER = "com.briannadeckerdiaz.Prework-Tip-CalculatorTests";
				PRODUCT_NAME = "$(TARGET_NAME)";
				SWIFT_VERSION = 5.0;
				TARGETED_DEVICE_FAMILY = "1,2";
				TEST_HOST = "$(BUILT_PRODUCTS_DIR)/Prework Tip Calculator.app/Prework Tip Calculator";
			};
			name = Debug;
		};
		D2FE22AF26D58839004458A4 /* Release */ = {
			isa = XCBuildConfiguration;
			buildSettings = {
				ALWAYS_EMBED_SWIFT_STANDARD_LIBRARIES = YES;
				BUNDLE_LOADER = "$(TEST_HOST)";
				CODE_SIGN_STYLE = Automatic;
				DEVELOPMENT_TEAM = R8NFZ6VKNP;
				INFOPLIST_FILE = "Prework Tip CalculatorTests/Info.plist";
				IPHONEOS_DEPLOYMENT_TARGET = 14.5;
				LD_RUNPATH_SEARCH_PATHS = (
					"$(inherited)",
					"@executable_path/Frameworks",
					"@loader_path/Frameworks",
				);
				PRODUCT_BUNDLE_IDENTIFIER = "com.briannadeckerdiaz.Prework-Tip-CalculatorTests";
				PRODUCT_NAME = "$(TARGET_NAME)";
				SWIFT_VERSION = 5.0;
				TARGETED_DEVICE_FAMILY = "1,2";
				TEST_HOST = "$(BUILT_PRODUCTS_DIR)/Prework Tip Calculator.app/Prework Tip Calculator";
			};
			name = Release;
		};
		D2FE22B126D58839004458A4 /* Debug */ = {
			isa = XCBuildConfiguration;
			buildSettings = {
				ALWAYS_EMBED_SWIFT_STANDARD_LIBRARIES = YES;
				CODE_SIGN_STYLE = Automatic;
				DEVELOPMENT_TEAM = R8NFZ6VKNP;
				INFOPLIST_FILE = "Prework Tip CalculatorUITests/Info.plist";
				LD_RUNPATH_SEARCH_PATHS = (
					"$(inherited)",
					"@executable_path/Frameworks",
					"@loader_path/Frameworks",
				);
				PRODUCT_BUNDLE_IDENTIFIER = "com.briannadeckerdiaz.Prework-Tip-CalculatorUITests";
				PRODUCT_NAME = "$(TARGET_NAME)";
				SWIFT_VERSION = 5.0;
				TARGETED_DEVICE_FAMILY = "1,2";
				TEST_TARGET_NAME = "Prework Tip Calculator";
			};
			name = Debug;
		};
		D2FE22B226D58839004458A4 /* Release */ = {
			isa = XCBuildConfiguration;
			buildSettings = {
				ALWAYS_EMBED_SWIFT_STANDARD_LIBRARIES = YES;
				CODE_SIGN_STYLE = Automatic;
				DEVELOPMENT_TEAM = R8NFZ6VKNP;
				INFOPLIST_FILE = "Prework Tip CalculatorUITests/Info.plist";
				LD_RUNPATH_SEARCH_PATHS = (
					"$(inherited)",
					"@executable_path/Frameworks",
					"@loader_path/Frameworks",
				);
				PRODUCT_BUNDLE_IDENTIFIER = "com.briannadeckerdiaz.Prework-Tip-CalculatorUITests";
				PRODUCT_NAME = "$(TARGET_NAME)";
				SWIFT_VERSION = 5.0;
				TARGETED_DEVICE_FAMILY = "1,2";
				TEST_TARGET_NAME = "Prework Tip Calculator";
			};
			name = Release;
		};
/* End XCBuildConfiguration section */

/* Begin XCConfigurationList section */
		D2FE227B26D58836004458A4 /* Build configuration list for PBXProject "Prework Tip Calculator" */ = {
			isa = XCConfigurationList;
			buildConfigurations = (
				D2FE22A826D58839004458A4 /* Debug */,
				D2FE22A926D58839004458A4 /* Release */,
			);
			defaultConfigurationIsVisible = 0;
			defaultConfigurationName = Release;
		};
		D2FE22AA26D58839004458A4 /* Build configuration list for PBXNativeTarget "Prework Tip Calculator" */ = {
			isa = XCConfigurationList;
			buildConfigurations = (
				D2FE22AB26D58839004458A4 /* Debug */,
				D2FE22AC26D58839004458A4 /* Release */,
			);
			defaultConfigurationIsVisible = 0;
			defaultConfigurationName = Release;
		};
		D2FE22AD26D58839004458A4 /* Build configuration list for PBXNativeTarget "Prework Tip CalculatorTests" */ = {
			isa = XCConfigurationList;
			buildConfigurations = (
				D2FE22AE26D58839004458A4 /* Debug */,
				D2FE22AF26D58839004458A4 /* Release */,
			);
			defaultConfigurationIsVisible = 0;
			defaultConfigurationName = Release;
		};
		D2FE22B026D58839004458A4 /* Build configuration list for PBXNativeTarget "Prework Tip CalculatorUITests" */ = {
			isa = XCConfigurationList;
			buildConfigurations = (
				D2FE22B126D58839004458A4 /* Debug */,
				D2FE22B226D58839004458A4 /* Release */,
			);
			defaultConfigurationIsVisible = 0;
			defaultConfigurationName = Release;
		};
/* End XCConfigurationList section */
	};
	rootObject = D2FE227826D58836004458A4 /* Project object */;
}
